
Microsoft Visual Studio Solution File, Format Version 12.00
# Visual Studio Version 17
VisualStudioVersion = 17.8.34525.116
MinimumVisualStudioVersion = 10.0.40219.1
Project("{FAE04EC0-301F-11D3-BF4B-00C04F79EFBC}") = "CopyAndPasteElement", "CopyAndPasteElement\CopyAndPasteElement.csproj", "{B625DE55-76D3-4F2E-83A9-FF66F354FE6A}"
EndProject
Global
	GlobalSection(SolutionConfigurationPlatforms) = preSolution
		Debug|Any CPU = Debug|Any CPU
		Release|Any CPU = Release|Any CPU
	EndGlobalSection
	GlobalSection(ProjectConfigurationPlatforms) = postSolution
		{B625DE55-76D3-4F2E-83A9-FF66F354FE6A}.Debug|Any CPU.ActiveCfg = Debug|Any CPU
		{B625DE55-76D3-4F2E-83A9-FF66F354FE6A}.Debug|Any CPU.Build.0 = Debug|Any CPU
		{B625DE55-76D3-4F2E-83A9-FF66F354FE6A}.Release|Any CPU.ActiveCfg = Release|Any CPU
		{B625DE55-76D3-4F2E-83A9-FF66F354FE6A}.Release|Any CPU.Build.0 = Release|Any CPU
	EndGlobalSection
	GlobalSection(SolutionProperties) = preSolution
		HideSolutionNode = FALSE
	EndGlobalSection
	GlobalSection(ExtensibilityGlobals) = postSolution
		SolutionGuid = {4A8A27AF-6F39-4306-8DE1-2426DCA4E023}
	EndGlobalSection
EndGlobal
